
Microsoft Visual Studio Solution File, Format Version 12.00
# Visual Studio Version 17
VisualStudioVersion = 17.4.33122.133
MinimumVisualStudioVersion = 10.0.40219.1
Project("{FAE04EC0-301F-11D3-BF4B-00C04F79EFBC}") = "ControleDeContatos", "ControleDeContatos.csproj", "{0C0D6D2E-1063-40D5-9B83-A4A7619D283D}"
EndProject
Global
	GlobalSection(SolutionConfigurationPlatforms) = preSolution
		Debug|Any CPU = Debug|Any CPU
		Release|Any CPU = Release|Any CPU
	EndGlobalSection
	GlobalSection(ProjectConfigurationPlatforms) = postSolution
		{0C0D6D2E-1063-40D5-9B83-A4A7619D283D}.Debug|Any CPU.ActiveCfg = Debug|Any CPU
		{0C0D6D2E-1063-40D5-9B83-A4A7619D283D}.Debug|Any CPU.Build.0 = Debug|Any CPU
		{0C0D6D2E-1063-40D5-9B83-A4A7619D283D}.Release|Any CPU.ActiveCfg = Release|Any CPU
		{0C0D6D2E-1063-40D5-9B83-A4A7619D283D}.Release|Any CPU.Build.0 = Release|Any CPU
	EndGlobalSection
	GlobalSection(SolutionProperties) = preSolution
		HideSolutionNode = FALSE
	EndGlobalSection
	GlobalSection(ExtensibilityGlobals) = postSolution
		SolutionGuid = {D624C67E-EF3E-4821-ACA6-13705FAC4DD9}
	EndGlobalSection
EndGlobal
